
Microsoft Visual Studio Solution File, Format Version 12.00
# Visual Studio Version 16
VisualStudioVersion = 16.0.31613.86
MinimumVisualStudioVersion = 10.0.40219.1
Project("{9A19103F-16F7-4668-BE54-9A1E7A4F7556}") = "Brainchild.HMS.Web", "Brainchild.HMS.Web\Brainchild.HMS.Web.csproj", "{07E0036A-5EDF-4F89-9860-1AA234DFCC8D}"
EndProject
Project("{2150E333-8FDC-42A3-9474-1A3956D46DE8}") = "Brainchild.HMS", "Brainchild.HMS", "{035C9608-355D-4386-861B-710DC600ECDC}"
EndProject
Project("{9A19103F-16F7-4668-BE54-9A1E7A4F7556}") = "Brainchild.HMS.API", "Brainchild.HMS.API\Brainchild.HMS.API.csproj", "{C5CA805B-F44E-4E30-9968-5FB25170F363}"
EndProject
Project("{9A19103F-16F7-4668-BE54-9A1E7A4F7556}") = "Brainchild.HMS.Core", "Brainchild.HMS.Core\Brainchild.HMS.Core.csproj", "{CE339A7E-0A38-4426-91B8-06A686226B08}"
EndProject
Project("{9A19103F-16F7-4668-BE54-9A1E7A4F7556}") = "Brainchild.HMS.Data", "Brainchild.HMS.Data\Brainchild.HMS.Data.csproj", "{DB5EAE89-9095-4ECE-8971-695439794C79}"
EndProject
Global
	GlobalSection(SolutionConfigurationPlatforms) = preSolution
		Debug|Any CPU = Debug|Any CPU
		Release|Any CPU = Release|Any CPU
	EndGlobalSection
	GlobalSection(ProjectConfigurationPlatforms) = postSolution
		{07E0036A-5EDF-4F89-9860-1AA234DFCC8D}.Debug|Any CPU.ActiveCfg = Debug|Any CPU
		{07E0036A-5EDF-4F89-9860-1AA234DFCC8D}.Debug|Any CPU.Build.0 = Debug|Any CPU
		{07E0036A-5EDF-4F89-9860-1AA234DFCC8D}.Release|Any CPU.ActiveCfg = Release|Any CPU
		{07E0036A-5EDF-4F89-9860-1AA234DFCC8D}.Release|Any CPU.Build.0 = Release|Any CPU
		{C5CA805B-F44E-4E30-9968-5FB25170F363}.Debug|Any CPU.ActiveCfg = Debug|Any CPU
		{C5CA805B-F44E-4E30-9968-5FB25170F363}.Debug|Any CPU.Build.0 = Debug|Any CPU
		{C5CA805B-F44E-4E30-9968-5FB25170F363}.Release|Any CPU.ActiveCfg = Release|Any CPU
		{C5CA805B-F44E-4E30-9968-5FB25170F363}.Release|Any CPU.Build.0 = Release|Any CPU
		{CE339A7E-0A38-4426-91B8-06A686226B08}.Debug|Any CPU.ActiveCfg = Debug|Any CPU
		{CE339A7E-0A38-4426-91B8-06A686226B08}.Debug|Any CPU.Build.0 = Debug|Any CPU
		{CE339A7E-0A38-4426-91B8-06A686226B08}.Release|Any CPU.ActiveCfg = Release|Any CPU
		{CE339A7E-0A38-4426-91B8-06A686226B08}.Release|Any CPU.Build.0 = Release|Any CPU
		{DB5EAE89-9095-4ECE-8971-695439794C79}.Debug|Any CPU.ActiveCfg = Debug|Any CPU
		{DB5EAE89-9095-4ECE-8971-695439794C79}.Debug|Any CPU.Build.0 = Debug|Any CPU
		{DB5EAE89-9095-4ECE-8971-695439794C79}.Release|Any CPU.ActiveCfg = Release|Any CPU
		{DB5EAE89-9095-4ECE-8971-695439794C79}.Release|Any CPU.Build.0 = Release|Any CPU
	EndGlobalSection
	GlobalSection(SolutionProperties) = preSolution
		HideSolutionNode = FALSE
	EndGlobalSection
	GlobalSection(ExtensibilityGlobals) = postSolution
		SolutionGuid = {0363904D-DD15-4383-BB53-70103DFEFC95}
	EndGlobalSection
EndGlobal
